
Microsoft Visual Studio Solution File, Format Version 12.00
# Visual Studio Version 17
VisualStudioVersion = 17.2.32516.85
MinimumVisualStudioVersion = 10.0.40219.1
Project("{FAE04EC0-301F-11D3-BF4B-00C04F79EFBC}") = "HeartbeatService", "HeartbeatService.csproj", "{2938AD45-70C8-481C-923B-9F2D5FB6FD93}"
EndProject
Global
	GlobalSection(SolutionConfigurationPlatforms) = preSolution
		Debug|Any CPU = Debug|Any CPU
		Release|Any CPU = Release|Any CPU
	EndGlobalSection
	GlobalSection(ProjectConfigurationPlatforms) = postSolution
		{2938AD45-70C8-481C-923B-9F2D5FB6FD93}.Debug|Any CPU.ActiveCfg = Debug|Any CPU
		{2938AD45-70C8-481C-923B-9F2D5FB6FD93}.Debug|Any CPU.Build.0 = Debug|Any CPU
		{2938AD45-70C8-481C-923B-9F2D5FB6FD93}.Release|Any CPU.ActiveCfg = Release|Any CPU
		{2938AD45-70C8-481C-923B-9F2D5FB6FD93}.Release|Any CPU.Build.0 = Release|Any CPU
	EndGlobalSection
	GlobalSection(SolutionProperties) = preSolution
		HideSolutionNode = FALSE
	EndGlobalSection
	GlobalSection(ExtensibilityGlobals) = postSolution
		SolutionGuid = {8D35926E-2853-4766-913E-C847CA7FAE54}
	EndGlobalSection
EndGlobal
